
Microsoft Visual Studio Solution File, Format Version 12.00
# Visual Studio Version 17
VisualStudioVersion = 17.7.34031.279
MinimumVisualStudioVersion = 10.0.40219.1
Project("{9A19103F-16F7-4668-BE54-9A1E7A4F7556}") = "HCMS.Web", "HCMS.Web\HCMS.Web.csproj", "{76AFCCFB-E3B7-4C1A-AD87-BC8C8F856447}"
EndProject
Project("{9A19103F-16F7-4668-BE54-9A1E7A4F7556}") = "HCMS.Common", "HCMS.Common\HCMS.Common.csproj", "{EB893941-609E-415B-9C26-E2CE0C434958}"
EndProject
Project("{2150E333-8FDC-42A3-9474-1A3956D46DE8}") = "Web", "Web", "{BF1E23F0-51EC-4EBC-8D5B-A14CBE28C836}"
EndProject
Project("{2150E333-8FDC-42A3-9474-1A3956D46DE8}") = "Data", "Data", "{AC439BBA-8844-42EC-89C3-31535967EA3B}"
EndProject
Project("{9A19103F-16F7-4668-BE54-9A1E7A4F7556}") = "HCMS.Data", "HCMS.Data\HCMS.Data.csproj", "{795300A0-F9E7-41CB-82AA-B9414C502075}"
EndProject
Project("{9A19103F-16F7-4668-BE54-9A1E7A4F7556}") = "HCMS.Data.Models", "HCMS.Data.Models\HCMS.Data.Models.csproj", "{1BCF90A0-FB92-4A5A-8D57-13946FF3EF4E}"
EndProject
Project("{2150E333-8FDC-42A3-9474-1A3956D46DE8}") = "Services", "Services", "{1965E96F-43B8-44E3-97E2-D9824B1A7147}"
EndProject
Project("{9A19103F-16F7-4668-BE54-9A1E7A4F7556}") = "HCMS.Services", "HCMS.Services\HCMS.Services.csproj", "{78E92BF8-5963-4C03-A511-9FCF003E4718}"
EndProject
Project("{9A19103F-16F7-4668-BE54-9A1E7A4F7556}") = "HCMS.Web.ViewModels", "HCMS.Web.ViewModels\HCMS.Web.ViewModels.csproj", "{C6596760-8053-4498-9721-DC2B8A327E2D}"
EndProject
Project("{2150E333-8FDC-42A3-9474-1A3956D46DE8}") = "Repository", "Repository", "{77A6B323-A982-451E-884F-029E7922CD10}"
EndProject
Project("{9A19103F-16F7-4668-BE54-9A1E7A4F7556}") = "HCMS.Repository", "HCMS.Repository\HCMS.Repository.csproj", "{8C1B795E-FB59-4878-8357-101860B31D45}"
EndProject
Project("{9A19103F-16F7-4668-BE54-9A1E7A4F7556}") = "HCMS.Services.ServiceModels", "HCMS.Services.ServiceModels\HCMS.Services.ServiceModels.csproj", "{7B83D640-62B4-48A2-809A-3A77D34E8E5E}"
EndProject
Project("{9A19103F-16F7-4668-BE54-9A1E7A4F7556}") = "HCMS.Web.Api", "HCMS.Web.Api\HCMS.Web.Api.csproj", "{EFDC6294-E78C-4DFB-8618-C31DBB65C926}"
EndProject
Project("{9A19103F-16F7-4668-BE54-9A1E7A4F7556}") = "HCMS.Tests", "HCMS.Tests\HCMS.Tests.csproj", "{4B465E5E-8EC9-41F5-AC05-704798289FF2}"
EndProject
Global
	GlobalSection(SolutionConfigurationPlatforms) = preSolution
		Debug|Any CPU = Debug|Any CPU
		Release|Any CPU = Release|Any CPU
	EndGlobalSection
	GlobalSection(ProjectConfigurationPlatforms) = postSolution
		{76AFCCFB-E3B7-4C1A-AD87-BC8C8F856447}.Debug|Any CPU.ActiveCfg = Debug|Any CPU
		{76AFCCFB-E3B7-4C1A-AD87-BC8C8F856447}.Debug|Any CPU.Build.0 = Debug|Any CPU
		{76AFCCFB-E3B7-4C1A-AD87-BC8C8F856447}.Release|Any CPU.ActiveCfg = Release|Any CPU
		{76AFCCFB-E3B7-4C1A-AD87-BC8C8F856447}.Release|Any CPU.Build.0 = Release|Any CPU
		{EB893941-609E-415B-9C26-E2CE0C434958}.Debug|Any CPU.ActiveCfg = Debug|Any CPU
		{EB893941-609E-415B-9C26-E2CE0C434958}.Debug|Any CPU.Build.0 = Debug|Any CPU
		{EB893941-609E-415B-9C26-E2CE0C434958}.Release|Any CPU.ActiveCfg = Release|Any CPU
		{EB893941-609E-415B-9C26-E2CE0C434958}.Release|Any CPU.Build.0 = Release|Any CPU
		{795300A0-F9E7-41CB-82AA-B9414C502075}.Debug|Any CPU.ActiveCfg = Debug|Any CPU
		{795300A0-F9E7-41CB-82AA-B9414C502075}.Debug|Any CPU.Build.0 = Debug|Any CPU
		{795300A0-F9E7-41CB-82AA-B9414C502075}.Release|Any CPU.ActiveCfg = Release|Any CPU
		{795300A0-F9E7-41CB-82AA-B9414C502075}.Release|Any CPU.Build.0 = Release|Any CPU
		{1BCF90A0-FB92-4A5A-8D57-13946FF3EF4E}.Debug|Any CPU.ActiveCfg = Debug|Any CPU
		{1BCF90A0-FB92-4A5A-8D57-13946FF3EF4E}.Debug|Any CPU.Build.0 = Debug|Any CPU
		{1BCF90A0-FB92-4A5A-8D57-13946FF3EF4E}.Release|Any CPU.ActiveCfg = Release|Any CPU
		{1BCF90A0-FB92-4A5A-8D57-13946FF3EF4E}.Release|Any CPU.Build.0 = Release|Any CPU
		{78E92BF8-5963-4C03-A511-9FCF003E4718}.Debug|Any CPU.ActiveCfg = Debug|Any CPU
		{78E92BF8-5963-4C03-A511-9FCF003E4718}.Debug|Any CPU.Build.0 = Debug|Any CPU
		{78E92BF8-5963-4C03-A511-9FCF003E4718}.Release|Any CPU.ActiveCfg = Release|Any CPU
		{78E92BF8-5963-4C03-A511-9FCF003E4718}.Release|Any CPU.Build.0 = Release|Any CPU
		{C6596760-8053-4498-9721-DC2B8A327E2D}.Debug|Any CPU.ActiveCfg = Debug|Any CPU
		{C6596760-8053-4498-9721-DC2B8A327E2D}.Debug|Any CPU.Build.0 = Debug|Any CPU
		{C6596760-8053-4498-9721-DC2B8A327E2D}.Release|Any CPU.ActiveCfg = Release|Any CPU
		{C6596760-8053-4498-9721-DC2B8A327E2D}.Release|Any CPU.Build.0 = Release|Any CPU
		{8C1B795E-FB59-4878-8357-101860B31D45}.Debug|Any CPU.ActiveCfg = Debug|Any CPU
		{8C1B795E-FB59-4878-8357-101860B31D45}.Debug|Any CPU.Build.0 = Debug|Any CPU
		{8C1B795E-FB59-4878-8357-101860B31D45}.Release|Any CPU.ActiveCfg = Release|Any CPU
		{8C1B795E-FB59-4878-8357-101860B31D45}.Release|Any CPU.Build.0 = Release|Any CPU
		{7B83D640-62B4-48A2-809A-3A77D34E8E5E}.Debug|Any CPU.ActiveCfg = Debug|Any CPU
		{7B83D640-62B4-48A2-809A-3A77D34E8E5E}.Debug|Any CPU.Build.0 = Debug|Any CPU
		{7B83D640-62B4-48A2-809A-3A77D34E8E5E}.Release|Any CPU.ActiveCfg = Release|Any CPU
		{7B83D640-62B4-48A2-809A-3A77D34E8E5E}.Release|Any CPU.Build.0 = Release|Any CPU
		{EFDC6294-E78C-4DFB-8618-C31DBB65C926}.Debug|Any CPU.ActiveCfg = Debug|Any CPU
		{EFDC6294-E78C-4DFB-8618-C31DBB65C926}.Debug|Any CPU.Build.0 = Debug|Any CPU
		{EFDC6294-E78C-4DFB-8618-C31DBB65C926}.Release|Any CPU.ActiveCfg = Release|Any CPU
		{EFDC6294-E78C-4DFB-8618-C31DBB65C926}.Release|Any CPU.Build.0 = Release|Any CPU
		{4B465E5E-8EC9-41F5-AC05-704798289FF2}.Debug|Any CPU.ActiveCfg = Debug|Any CPU
		{4B465E5E-8EC9-41F5-AC05-704798289FF2}.Debug|Any CPU.Build.0 = Debug|Any CPU
		{4B465E5E-8EC9-41F5-AC05-704798289FF2}.Release|Any CPU.ActiveCfg = Release|Any CPU
		{4B465E5E-8EC9-41F5-AC05-704798289FF2}.Release|Any CPU.Build.0 = Release|Any CPU
	EndGlobalSection
	GlobalSection(SolutionProperties) = preSolution
		HideSolutionNode = FALSE
	EndGlobalSection
	GlobalSection(NestedProjects) = preSolution
		{76AFCCFB-E3B7-4C1A-AD87-BC8C8F856447} = {BF1E23F0-51EC-4EBC-8D5B-A14CBE28C836}
		{795300A0-F9E7-41CB-82AA-B9414C502075} = {AC439BBA-8844-42EC-89C3-31535967EA3B}
		{1BCF90A0-FB92-4A5A-8D57-13946FF3EF4E} = {AC439BBA-8844-42EC-89C3-31535967EA3B}
		{78E92BF8-5963-4C03-A511-9FCF003E4718} = {1965E96F-43B8-44E3-97E2-D9824B1A7147}
		{C6596760-8053-4498-9721-DC2B8A327E2D} = {BF1E23F0-51EC-4EBC-8D5B-A14CBE28C836}
		{8C1B795E-FB59-4878-8357-101860B31D45} = {77A6B323-A982-451E-884F-029E7922CD10}
		{7B83D640-62B4-48A2-809A-3A77D34E8E5E} = {1965E96F-43B8-44E3-97E2-D9824B1A7147}
		{EFDC6294-E78C-4DFB-8618-C31DBB65C926} = {BF1E23F0-51EC-4EBC-8D5B-A14CBE28C836}
	EndGlobalSection
	GlobalSection(ExtensibilityGlobals) = postSolution
		SolutionGuid = {6E307B50-5D5D-41D8-A954-54A38A470FA5}
	EndGlobalSection
EndGlobal
