
Microsoft Visual Studio Solution File, Format Version 12.00
# Visual Studio Version 17
VisualStudioVersion = 17.7.34031.279
MinimumVisualStudioVersion = 10.0.40219.1
Project("{FAE04EC0-301F-11D3-BF4B-00C04F79EFBC}") = "HCMS.Web", "HCMS.Web\HCMS.Web.csproj", "{76AFCCFB-E3B7-4C1A-AD87-BC8C8F856447}"
EndProject
Project("{FAE04EC0-301F-11D3-BF4B-00C04F79EFBC}") = "HCMS.Common", "HCMS.Common\HCMS.Common.csproj", "{EB893941-609E-415B-9C26-E2CE0C434958}"
EndProject
Project("{2150E333-8FDC-42A3-9474-1A3956D46DE8}") = "Web", "Web", "{BF1E23F0-51EC-4EBC-8D5B-A14CBE28C836}"
EndProject
Project("{2150E333-8FDC-42A3-9474-1A3956D46DE8}") = "Data", "Data", "{AC439BBA-8844-42EC-89C3-31535967EA3B}"
EndProject
Project("{FAE04EC0-301F-11D3-BF4B-00C04F79EFBC}") = "HCMS.Data", "HCMS.Data\HCMS.Data.csproj", "{795300A0-F9E7-41CB-82AA-B9414C502075}"
EndProject
Project("{FAE04EC0-301F-11D3-BF4B-00C04F79EFBC}") = "HCMS.Data.Models", "HCMS.Data.Models\HCMS.Data.Models.csproj", "{1BCF90A0-FB92-4A5A-8D57-13946FF3EF4E}"
EndProject
Project("{2150E333-8FDC-42A3-9474-1A3956D46DE8}") = "Services", "Services", "{1965E96F-43B8-44E3-97E2-D9824B1A7147}"
EndProject
Project("{FAE04EC0-301F-11D3-BF4B-00C04F79EFBC}") = "HCMS.Services", "HCMS.Services\HCMS.Services.csproj", "{78E92BF8-5963-4C03-A511-9FCF003E4718}"
EndProject
Project("{FAE04EC0-301F-11D3-BF4B-00C04F79EFBC}") = "HCMS.Web.ViewModels", "HCMS.Web.ViewModels\HCMS.Web.ViewModels.csproj", "{C6596760-8053-4498-9721-DC2B8A327E2D}"
EndProject
Global
	GlobalSection(SolutionConfigurationPlatforms) = preSolution
		Debug|Any CPU = Debug|Any CPU
		Release|Any CPU = Release|Any CPU
	EndGlobalSection
	GlobalSection(ProjectConfigurationPlatforms) = postSolution
		{76AFCCFB-E3B7-4C1A-AD87-BC8C8F856447}.Debug|Any CPU.ActiveCfg = Debug|Any CPU
		{76AFCCFB-E3B7-4C1A-AD87-BC8C8F856447}.Debug|Any CPU.Build.0 = Debug|Any CPU
		{76AFCCFB-E3B7-4C1A-AD87-BC8C8F856447}.Release|Any CPU.ActiveCfg = Release|Any CPU
		{76AFCCFB-E3B7-4C1A-AD87-BC8C8F856447}.Release|Any CPU.Build.0 = Release|Any CPU
		{EB893941-609E-415B-9C26-E2CE0C434958}.Debug|Any CPU.ActiveCfg = Debug|Any CPU
		{EB893941-609E-415B-9C26-E2CE0C434958}.Debug|Any CPU.Build.0 = Debug|Any CPU
		{EB893941-609E-415B-9C26-E2CE0C434958}.Release|Any CPU.ActiveCfg = Release|Any CPU
		{EB893941-609E-415B-9C26-E2CE0C434958}.Release|Any CPU.Build.0 = Release|Any CPU
		{795300A0-F9E7-41CB-82AA-B9414C502075}.Debug|Any CPU.ActiveCfg = Debug|Any CPU
		{795300A0-F9E7-41CB-82AA-B9414C502075}.Debug|Any CPU.Build.0 = Debug|Any CPU
		{795300A0-F9E7-41CB-82AA-B9414C502075}.Release|Any CPU.ActiveCfg = Release|Any CPU
		{795300A0-F9E7-41CB-82AA-B9414C502075}.Release|Any CPU.Build.0 = Release|Any CPU
		{1BCF90A0-FB92-4A5A-8D57-13946FF3EF4E}.Debug|Any CPU.ActiveCfg = Debug|Any CPU
		{1BCF90A0-FB92-4A5A-8D57-13946FF3EF4E}.Debug|Any CPU.Build.0 = Debug|Any CPU
		{1BCF90A0-FB92-4A5A-8D57-13946FF3EF4E}.Release|Any CPU.ActiveCfg = Release|Any CPU
		{1BCF90A0-FB92-4A5A-8D57-13946FF3EF4E}.Release|Any CPU.Build.0 = Release|Any CPU
		{78E92BF8-5963-4C03-A511-9FCF003E4718}.Debug|Any CPU.ActiveCfg = Debug|Any CPU
		{78E92BF8-5963-4C03-A511-9FCF003E4718}.Debug|Any CPU.Build.0 = Debug|Any CPU
		{78E92BF8-5963-4C03-A511-9FCF003E4718}.Release|Any CPU.ActiveCfg = Release|Any CPU
		{78E92BF8-5963-4C03-A511-9FCF003E4718}.Release|Any CPU.Build.0 = Release|Any CPU
		{C6596760-8053-4498-9721-DC2B8A327E2D}.Debug|Any CPU.ActiveCfg = Debug|Any CPU
		{C6596760-8053-4498-9721-DC2B8A327E2D}.Debug|Any CPU.Build.0 = Debug|Any CPU
		{C6596760-8053-4498-9721-DC2B8A327E2D}.Release|Any CPU.ActiveCfg = Release|Any CPU
		{C6596760-8053-4498-9721-DC2B8A327E2D}.Release|Any CPU.Build.0 = Release|Any CPU
	EndGlobalSection
	GlobalSection(SolutionProperties) = preSolution
		HideSolutionNode = FALSE
	EndGlobalSection
	GlobalSection(NestedProjects) = preSolution
		{76AFCCFB-E3B7-4C1A-AD87-BC8C8F856447} = {BF1E23F0-51EC-4EBC-8D5B-A14CBE28C836}
		{795300A0-F9E7-41CB-82AA-B9414C502075} = {AC439BBA-8844-42EC-89C3-31535967EA3B}
		{1BCF90A0-FB92-4A5A-8D57-13946FF3EF4E} = {AC439BBA-8844-42EC-89C3-31535967EA3B}
		{78E92BF8-5963-4C03-A511-9FCF003E4718} = {1965E96F-43B8-44E3-97E2-D9824B1A7147}
		{C6596760-8053-4498-9721-DC2B8A327E2D} = {BF1E23F0-51EC-4EBC-8D5B-A14CBE28C836}
	EndGlobalSection
	GlobalSection(ExtensibilityGlobals) = postSolution
		SolutionGuid = {6E307B50-5D5D-41D8-A954-54A38A470FA5}
	EndGlobalSection
EndGlobal
